// !$*UTF8*$!
{
	archiveVersion = 1;
	classes = {
	};
	objectVersion = 46;
	objects = {

/* Begin PBXBuildFile section */
		95679A601D95DD7400372AB7 /* AppDelegate.swift in Sources */ = {isa = PBXBuildFile; fileRef = 95679A5F1D95DD7400372AB7 /* AppDelegate.swift */; };
		95679A621D95DD7400372AB7 /* ViewController.swift in Sources */ = {isa = PBXBuildFile; fileRef = 95679A611D95DD7400372AB7 /* ViewController.swift */; };
		95679A651D95DD7500372AB7 /* Main.storyboard in Resources */ = {isa = PBXBuildFile; fileRef = 95679A631D95DD7500372AB7 /* Main.storyboard */; };
		95679A671D95DD7500372AB7 /* Assets.xcassets in Resources */ = {isa = PBXBuildFile; fileRef = 95679A661D95DD7500372AB7 /* Assets.xcassets */; };
		95679A6A1D95DD7500372AB7 /* LaunchScreen.storyboard in Resources */ = {isa = PBXBuildFile; fileRef = 95679A681D95DD7500372AB7 /* LaunchScreen.storyboard */; };
		95679A751D95DD7500372AB7 /* DropcubeTests.swift in Sources */ = {isa = PBXBuildFile; fileRef = 95679A741D95DD7500372AB7 /* DropcubeTests.swift */; };
		95679A801D95DD7500372AB7 /* DropcubeUITests.swift in Sources */ = {isa = PBXBuildFile; fileRef = 95679A7F1D95DD7500372AB7 /* DropcubeUITests.swift */; };
/* End PBXBuildFile section */

/* Begin PBXContainerItemProxy section */
		95679A711D95DD7500372AB7 /* PBXContainerItemProxy */ = {
			isa = PBXContainerItemProxy;
			containerPortal = 95679A541D95DD7400372AB7 /* Project object */;
			proxyType = 1;
			remoteGlobalIDString = 95679A5B1D95DD7400372AB7;
			remoteInfo = Dropcube;
		};
		95679A7C1D95DD7500372AB7 /* PBXContainerItemProxy */ = {
			isa = PBXContainerItemProxy;
			containerPortal = 95679A541D95DD7400372AB7 /* Project object */;
			proxyType = 1;
			remoteGlobalIDString = 95679A5B1D95DD7400372AB7;
			remoteInfo = Dropcube;
		};
/* End PBXContainerItemProxy section */

/* Begin PBXFileReference section */
		95679A5C1D95DD7400372AB7 /* Dropcube.app */ = {isa = PBXFileReference; explicitFileType = wrapper.application; includeInIndex = 0; path = Dropcube.app; sourceTree = BUILT_PRODUCTS_DIR; };
		95679A5F1D95DD7400372AB7 /* AppDelegate.swift */ = {isa = PBXFileReference; lastKnownFileType = sourcecode.swift; path = AppDelegate.swift; sourceTree = "<group>"; };
		95679A611D95DD7400372AB7 /* ViewController.swift */ = {isa = PBXFileReference; lastKnownFileType = sourcecode.swift; path = ViewController.swift; sourceTree = "<group>"; };
		95679A641D95DD7500372AB7 /* Base */ = {isa = PBXFileReference; lastKnownFileType = file.storyboard; name = Base; path = Base.lproj/Main.storyboard; sourceTree = "<group>"; };
		95679A661D95DD7500372AB7 /* Assets.xcassets */ = {isa = PBXFileReference; lastKnownFileType = folder.assetcatalog; path = Assets.xcassets; sourceTree = "<group>"; };
		95679A691D95DD7500372AB7 /* Base */ = {isa = PBXFileReference; lastKnownFileType = file.storyboard; name = Base; path = Base.lproj/LaunchScreen.storyboard; sourceTree = "<group>"; };
		95679A6B1D95DD7500372AB7 /* Info.plist */ = {isa = PBXFileReference; lastKnownFileType = text.plist.xml; path = Info.plist; sourceTree = "<group>"; };
		95679A701D95DD7500372AB7 /* DropcubeTests.xctest */ = {isa = PBXFileReference; explicitFileType = wrapper.cfbundle; includeInIndex = 0; path = DropcubeTests.xctest; sourceTree = BUILT_PRODUCTS_DIR; };
		95679A741D95DD7500372AB7 /* DropcubeTests.swift */ = {isa = PBXFileReference; lastKnownFileType = sourcecode.swift; path = DropcubeTests.swift; sourceTree = "<group>"; };
		95679A761D95DD7500372AB7 /* Info.plist */ = {isa = PBXFileReference; lastKnownFileType = text.plist.xml; path = Info.plist; sourceTree = "<group>"; };
		95679A7B1D95DD7500372AB7 /* DropcubeUITests.xctest */ = {isa = PBXFileReference; explicitFileType = wrapper.cfbundle; includeInIndex = 0; path = DropcubeUITests.xctest; sourceTree = BUILT_PRODUCTS_DIR; };
		95679A7F1D95DD7500372AB7 /* DropcubeUITests.swift */ = {isa = PBXFileReference; lastKnownFileType = sourcecode.swift; path = DropcubeUITests.swift; sourceTree = "<group>"; };
		95679A811D95DD7500372AB7 /* Info.plist */ = {isa = PBXFileReference; lastKnownFileType = text.plist.xml; path = Info.plist; sourceTree = "<group>"; };
/* End PBXFileReference section */

/* Begin PBXFrameworksBuildPhase section */
		95679A591D95DD7400372AB7 /* Frameworks */ = {
			isa = PBXFrameworksBuildPhase;
			buildActionMask = 2147483647;
			files = (
			);
			runOnlyForDeploymentPostprocessing = 0;
		};
		95679A6D1D95DD7500372AB7 /* Frameworks */ = {
			isa = PBXFrameworksBuildPhase;
			buildActionMask = 2147483647;
			files = (
			);
			runOnlyForDeploymentPostprocessing = 0;
		};
		95679A781D95DD7500372AB7 /* Frameworks */ = {
			isa = PBXFrameworksBuildPhase;
			buildActionMask = 2147483647;
			files = (
			);
			runOnlyForDeploymentPostprocessing = 0;
		};
/* End PBXFrameworksBuildPhase section */

/* Begin PBXGroup section */
		95679A531D95DD7400372AB7 = {
			isa = PBXGroup;
			children = (
				95679A5E1D95DD7400372AB7 /* Dropcube */,
				95679A731D95DD7500372AB7 /* DropcubeTests */,
				95679A7E1D95DD7500372AB7 /* DropcubeUITests */,
				95679A5D1D95DD7400372AB7 /* Products */,
			);
			sourceTree = "<group>";
		};
		95679A5D1D95DD7400372AB7 /* Products */ = {
			isa = PBXGroup;
			children = (
				95679A5C1D95DD7400372AB7 /* Dropcube.app */,
				95679A701D95DD7500372AB7 /* DropcubeTests.xctest */,
				95679A7B1D95DD7500372AB7 /* DropcubeUITests.xctest */,
			);
			name = Products;
			sourceTree = "<group>";
		};
		95679A5E1D95DD7400372AB7 /* Dropcube */ = {
			isa = PBXGroup;
			children = (
				95679A5F1D95DD7400372AB7 /* AppDelegate.swift */,
				95679A611D95DD7400372AB7 /* ViewController.swift */,
				95679A631D95DD7500372AB7 /* Main.storyboard */,
				95679A661D95DD7500372AB7 /* Assets.xcassets */,
				95679A681D95DD7500372AB7 /* LaunchScreen.storyboard */,
				95679A6B1D95DD7500372AB7 /* Info.plist */,
			);
			path = Dropcube;
			sourceTree = "<group>";
		};
		95679A731D95DD7500372AB7 /* DropcubeTests */ = {
			isa = PBXGroup;
			children = (
				95679A741D95DD7500372AB7 /* DropcubeTests.swift */,
				95679A761D95DD7500372AB7 /* Info.plist */,
			);
			path = DropcubeTests;
			sourceTree = "<group>";
		};
		95679A7E1D95DD7500372AB7 /* DropcubeUITests */ = {
			isa = PBXGroup;
			children = (
				95679A7F1D95DD7500372AB7 /* DropcubeUITests.swift */,
				95679A811D95DD7500372AB7 /* Info.plist */,
			);
			path = DropcubeUITests;
			sourceTree = "<group>";
		};
/* End PBXGroup section */

/* Begin PBXNativeTarget section */
		95679A5B1D95DD7400372AB7 /* Dropcube */ = {
			isa = PBXNativeTarget;
			buildConfigurationList = 95679A841D95DD7500372AB7 /* Build configuration list for PBXNativeTarget "Dropcube" */;
			buildPhases = (
				95679A581D95DD7400372AB7 /* Sources */,
				95679A591D95DD7400372AB7 /* Frameworks */,
				95679A5A1D95DD7400372AB7 /* Resources */,
			);
			buildRules = (
			);
			dependencies = (
			);
			name = Dropcube;
			productName = Dropcube;
			productReference = 95679A5C1D95DD7400372AB7 /* Dropcube.app */;
			productType = "com.apple.product-type.application";
		};
		95679A6F1D95DD7500372AB7 /* DropcubeTests */ = {
			isa = PBXNativeTarget;
			buildConfigurationList = 95679A871D95DD7500372AB7 /* Build configuration list for PBXNativeTarget "DropcubeTests" */;
			buildPhases = (
				95679A6C1D95DD7500372AB7 /* Sources */,
				95679A6D1D95DD7500372AB7 /* Frameworks */,
				95679A6E1D95DD7500372AB7 /* Resources */,
			);
			buildRules = (
			);
			dependencies = (
				95679A721D95DD7500372AB7 /* PBXTargetDependency */,
			);
			name = DropcubeTests;
			productName = DropcubeTests;
			productReference = 95679A701D95DD7500372AB7 /* DropcubeTests.xctest */;
			productType = "com.apple.product-type.bundle.unit-test";
		};
		95679A7A1D95DD7500372AB7 /* DropcubeUITests */ = {
			isa = PBXNativeTarget;
			buildConfigurationList = 95679A8A1D95DD7500372AB7 /* Build configuration list for PBXNativeTarget "DropcubeUITests" */;
			buildPhases = (
				95679A771D95DD7500372AB7 /* Sources */,
				95679A781D95DD7500372AB7 /* Frameworks */,
				95679A791D95DD7500372AB7 /* Resources */,
			);
			buildRules = (
			);
			dependencies = (
				95679A7D1D95DD7500372AB7 /* PBXTargetDependency */,
			);
			name = DropcubeUITests;
			productName = DropcubeUITests;
			productReference = 95679A7B1D95DD7500372AB7 /* DropcubeUITests.xctest */;
			productType = "com.apple.product-type.bundle.ui-testing";
		};
/* End PBXNativeTarget section */

/* Begin PBXProject section */
		95679A541D95DD7400372AB7 /* Project object */ = {
			isa = PBXProject;
			attributes = {
				LastSwiftUpdateCheck = 0800;
				LastUpgradeCheck = 0800;
				ORGANIZATIONNAME = "Capital One";
				TargetAttributes = {
					95679A5B1D95DD7400372AB7 = {
						CreatedOnToolsVersion = 8.0;
						ProvisioningStyle = Automatic;
					};
					95679A6F1D95DD7500372AB7 = {
						CreatedOnToolsVersion = 8.0;
						ProvisioningStyle = Automatic;
						TestTargetID = 95679A5B1D95DD7400372AB7;
					};
					95679A7A1D95DD7500372AB7 = {
						CreatedOnToolsVersion = 8.0;
						ProvisioningStyle = Automatic;
						TestTargetID = 95679A5B1D95DD7400372AB7;
					};
				};
			};
			buildConfigurationList = 95679A571D95DD7400372AB7 /* Build configuration list for PBXProject "Dropcube" */;
			compatibilityVersion = "Xcode 3.2";
			developmentRegion = English;
			hasScannedForEncodings = 0;
			knownRegions = (
				en,
				Base,
			);
			mainGroup = 95679A531D95DD7400372AB7;
			productRefGroup = 95679A5D1D95DD7400372AB7 /* Products */;
			projectDirPath = "";
			projectRoot = "";
			targets = (
				95679A5B1D95DD7400372AB7 /* Dropcube */,
				95679A6F1D95DD7500372AB7 /* DropcubeTests */,
				95679A7A1D95DD7500372AB7 /* DropcubeUITests */,
			);
		};
/* End PBXProject section */

/* Begin PBXResourcesBuildPhase section */
		95679A5A1D95DD7400372AB7 /* Resources */ = {
			isa = PBXResourcesBuildPhase;
			buildActionMask = 2147483647;
			files = (
				95679A6A1D95DD7500372AB7 /* LaunchScreen.storyboard in Resources */,
				95679A671D95DD7500372AB7 /* Assets.xcassets in Resources */,
				95679A651D95DD7500372AB7 /* Main.storyboard in Resources */,
			);
			runOnlyForDeploymentPostprocessing = 0;
		};
		95679A6E1D95DD7500372AB7 /* Resources */ = {
			isa = PBXResourcesBuildPhase;
			buildActionMask = 2147483647;
			files = (
			);
			runOnlyForDeploymentPostprocessing = 0;
		};
		95679A791D95DD7500372AB7 /* Resources */ = {
			isa = PBXResourcesBuildPhase;
			buildActionMask = 2147483647;
			files = (
			);
			runOnlyForDeploymentPostprocessing = 0;
		};
/* End PBXResourcesBuildPhase section */

/* Begin PBXSourcesBuildPhase section */
		95679A581D95DD7400372AB7 /* Sources */ = {
			isa = PBXSourcesBuildPhase;
			buildActionMask = 2147483647;
			files = (
				95679A621D95DD7400372AB7 /* ViewController.swift in Sources */,
				95679A601D95DD7400372AB7 /* AppDelegate.swift in Sources */,
			);
			runOnlyForDeploymentPostprocessing = 0;
		};
		95679A6C1D95DD7500372AB7 /* Sources */ = {
			isa = PBXSourcesBuildPhase;
			buildActionMask = 2147483647;
			files = (
				95679A751D95DD7500372AB7 /* DropcubeTests.swift in Sources */,
			);
			runOnlyForDeploymentPostprocessing = 0;
		};
		95679A771D95DD7500372AB7 /* Sources */ = {
			isa = PBXSourcesBuildPhase;
			buildActionMask = 2147483647;
			files = (
				95679A801D95DD7500372AB7 /* DropcubeUITests.swift in Sources */,
			);
			runOnlyForDeploymentPostprocessing = 0;
		};
/* End PBXSourcesBuildPhase section */

/* Begin PBXTargetDependency section */
		95679A721D95DD7500372AB7 /* PBXTargetDependency */ = {
			isa = PBXTargetDependency;
			target = 95679A5B1D95DD7400372AB7 /* Dropcube */;
			targetProxy = 95679A711D95DD7500372AB7 /* PBXContainerItemProxy */;
		};
		95679A7D1D95DD7500372AB7 /* PBXTargetDependency */ = {
			isa = PBXTargetDependency;
			target = 95679A5B1D95DD7400372AB7 /* Dropcube */;
			targetProxy = 95679A7C1D95DD7500372AB7 /* PBXContainerItemProxy */;
		};
/* End PBXTargetDependency section */

/* Begin PBXVariantGroup section */
		95679A631D95DD7500372AB7 /* Main.storyboard */ = {
			isa = PBXVariantGroup;
			children = (
				95679A641D95DD7500372AB7 /* Base */,
			);
			name = Main.storyboard;
			sourceTree = "<group>";
		};
		95679A681D95DD7500372AB7 /* LaunchScreen.storyboard */ = {
			isa = PBXVariantGroup;
			children = (
				95679A691D95DD7500372AB7 /* Base */,
			);
			name = LaunchScreen.storyboard;
			sourceTree = "<group>";
		};
/* End PBXVariantGroup section */

/* Begin XCBuildConfiguration section */
		95679A821D95DD7500372AB7 /* Debug */ = {
			isa = XCBuildConfiguration;
			buildSettings = {
				ALWAYS_SEARCH_USER_PATHS = NO;
				CLANG_ANALYZER_NONNULL = YES;
				CLANG_CXX_LANGUAGE_STANDARD = "gnu++0x";
				CLANG_CXX_LIBRARY = "libc++";
				CLANG_ENABLE_MODULES = YES;
				CLANG_ENABLE_OBJC_ARC = YES;
				CLANG_WARN_BOOL_CONVERSION = YES;
				CLANG_WARN_CONSTANT_CONVERSION = YES;
				CLANG_WARN_DIRECT_OBJC_ISA_USAGE = YES_ERROR;
				CLANG_WARN_DOCUMENTATION_COMMENTS = YES;
				CLANG_WARN_EMPTY_BODY = YES;
				CLANG_WARN_ENUM_CONVERSION = YES;
				CLANG_WARN_INFINITE_RECURSION = YES;
				CLANG_WARN_INT_CONVERSION = YES;
				CLANG_WARN_OBJC_ROOT_CLASS = YES_ERROR;
				CLANG_WARN_SUSPICIOUS_MOVES = YES;
				CLANG_WARN_UNREACHABLE_CODE = YES;
				CLANG_WARN__DUPLICATE_METHOD_MATCH = YES;
				"CODE_SIGN_IDENTITY[sdk=iphoneos*]" = "iPhone Developer";
				COPY_PHASE_STRIP = NO;
				DEBUG_INFORMATION_FORMAT = dwarf;
				ENABLE_STRICT_OBJC_MSGSEND = YES;
				ENABLE_TESTABILITY = YES;
				GCC_C_LANGUAGE_STANDARD = gnu99;
				GCC_DYNAMIC_NO_PIC = NO;
				GCC_NO_COMMON_BLOCKS = YES;
				GCC_OPTIMIZATION_LEVEL = 0;
				GCC_PREPROCESSOR_DEFINITIONS = (
					"DEBUG=1",
					"$(inherited)",
				);
				GCC_WARN_64_TO_32_BIT_CONVERSION = YES;
				GCC_WARN_ABOUT_RETURN_TYPE = YES_ERROR;
				GCC_WARN_UNDECLARED_SELECTOR = YES;
				GCC_WARN_UNINITIALIZED_AUTOS = YES_AGGRESSIVE;
				GCC_WARN_UNUSED_FUNCTION = YES;
				GCC_WARN_UNUSED_VARIABLE = YES;
				IPHONEOS_DEPLOYMENT_TARGET = 10.0;
				MTL_ENABLE_DEBUG_INFO = YES;
				ONLY_ACTIVE_ARCH = YES;
				SDKROOT = iphoneos;
				SWIFT_ACTIVE_COMPILATION_CONDITIONS = DEBUG;
				SWIFT_OPTIMIZATION_LEVEL = "-Onone";
			};
			name = Debug;
		};
		95679A831D95DD7500372AB7 /* Release */ = {
			isa = XCBuildConfiguration;
			buildSettings = {
				ALWAYS_SEARCH_USER_PATHS = NO;
				CLANG_ANALYZER_NONNULL = YES;
				CLANG_CXX_LANGUAGE_STANDARD = "gnu++0x";
				CLANG_CXX_LIBRARY = "libc++";
				CLANG_ENABLE_MODULES = YES;
				CLANG_ENABLE_OBJC_ARC = YES;
				CLANG_WARN_BOOL_CONVERSION = YES;
				CLANG_WARN_CONSTANT_CONVERSION = YES;
				CLANG_WARN_DIRECT_OBJC_ISA_USAGE = YES_ERROR;
				CLANG_WARN_DOCUMENTATION_COMMENTS = YES;
				CLANG_WARN_EMPTY_BODY = YES;
				CLANG_WARN_ENUM_CONVERSION = YES;
				CLANG_WARN_INFINITE_RECURSION = YES;
				CLANG_WARN_INT_CONVERSION = YES;
				CLANG_WARN_OBJC_ROOT_CLASS = YES_ERROR;
				CLANG_WARN_SUSPICIOUS_MOVES = YES;
				CLANG_WARN_UNREACHABLE_CODE = YES;
				CLANG_WARN__DUPLICATE_METHOD_MATCH = YES;
				"CODE_SIGN_IDENTITY[sdk=iphoneos*]" = "iPhone Developer";
				COPY_PHASE_STRIP = NO;
				DEBUG_INFORMATION_FORMAT = "dwarf-with-dsym";
				ENABLE_NS_ASSERTIONS = NO;
				ENABLE_STRICT_OBJC_MSGSEND = YES;
				GCC_C_LANGUAGE_STANDARD = gnu99;
				GCC_NO_COMMON_BLOCKS = YES;
				GCC_WARN_64_TO_32_BIT_CONVERSION = YES;
				GCC_WARN_ABOUT_RETURN_TYPE = YES_ERROR;
				GCC_WARN_UNDECLARED_SELECTOR = YES;
				GCC_WARN_UNINITIALIZED_AUTOS = YES_AGGRESSIVE;
				GCC_WARN_UNUSED_FUNCTION = YES;
				GCC_WARN_UNUSED_VARIABLE = YES;
				IPHONEOS_DEPLOYMENT_TARGET = 10.0;
				MTL_ENABLE_DEBUG_INFO = NO;
				SDKROOT = iphoneos;
				SWIFT_OPTIMIZATION_LEVEL = "-Owholemodule";
				VALIDATE_PRODUCT = YES;
			};
			name = Release;
		};
		95679A851D95DD7500372AB7 /* Debug */ = {
			isa = XCBuildConfiguration;
			buildSettings = {
				ASSETCATALOG_COMPILER_APPICON_NAME = AppIcon;
				INFOPLIST_FILE = Dropcube/Info.plist;
				LD_RUNPATH_SEARCH_PATHS = "$(inherited) @executable_path/Frameworks";
				PRODUCT_BUNDLE_IDENTIFIER = learning.Dropcube;
				PRODUCT_NAME = "$(TARGET_NAME)";
				SWIFT_VERSION = 3.0;
			};
			name = Debug;
		};
		95679A861D95DD7500372AB7 /* Release */ = {
			isa = XCBuildConfiguration;
			buildSettings = {
				ASSETCATALOG_COMPILER_APPICON_NAME = AppIcon;
				INFOPLIST_FILE = Dropcube/Info.plist;
				LD_RUNPATH_SEARCH_PATHS = "$(inherited) @executable_path/Frameworks";
				PRODUCT_BUNDLE_IDENTIFIER = learning.Dropcube;
				PRODUCT_NAME = "$(TARGET_NAME)";
				SWIFT_VERSION = 3.0;
			};
			name = Release;
		};
		95679A881D95DD7500372AB7 /* Debug */ = {
			isa = XCBuildConfiguration;
			buildSettings = {
				ALWAYS_EMBED_SWIFT_STANDARD_LIBRARIES = YES;
				BUNDLE_LOADER = "$(TEST_HOST)";
				INFOPLIST_FILE = DropcubeTests/Info.plist;
				LD_RUNPATH_SEARCH_PATHS = "$(inherited) @executable_path/Frameworks @loader_path/Frameworks";
				PRODUCT_BUNDLE_IDENTIFIER = learning.DropcubeTests;
				PRODUCT_NAME = "$(TARGET_NAME)";
				SWIFT_VERSION = 3.0;
				TEST_HOST = "$(BUILT_PRODUCTS_DIR)/Dropcube.app/Dropcube";
			};
			name = Debug;
		};
		95679A891D95DD7500372AB7 /* Release */ = {
			isa = XCBuildConfiguration;
			buildSettings = {
				ALWAYS_EMBED_SWIFT_STANDARD_LIBRARIES = YES;
				BUNDLE_LOADER = "$(TEST_HOST)";
				INFOPLIST_FILE = DropcubeTests/Info.plist;
				LD_RUNPATH_SEARCH_PATHS = "$(inherited) @executable_path/Frameworks @loader_path/Frameworks";
				PRODUCT_BUNDLE_IDENTIFIER = learning.DropcubeTests;
				PRODUCT_NAME = "$(TARGET_NAME)";
				SWIFT_VERSION = 3.0;
				TEST_HOST = "$(BUILT_PRODUCTS_DIR)/Dropcube.app/Dropcube";
			};
			name = Release;
		};
		95679A8B1D95DD7500372AB7 /* Debug */ = {
			isa = XCBuildConfiguration;
			buildSettings = {
				ALWAYS_EMBED_SWIFT_STANDARD_LIBRARIES = YES;
				INFOPLIST_FILE = DropcubeUITests/Info.plist;
				LD_RUNPATH_SEARCH_PATHS = "$(inherited) @executable_path/Frameworks @loader_path/Frameworks";
				PRODUCT_BUNDLE_IDENTIFIER = learning.DropcubeUITests;
				PRODUCT_NAME = "$(TARGET_NAME)";
				SWIFT_VERSION = 3.0;
				TEST_TARGET_NAME = Dropcube;
			};
			name = Debug;
		};
		95679A8C1D95DD7500372AB7 /* Release */ = {
			isa = XCBuildConfiguration;
			buildSettings = {
				ALWAYS_EMBED_SWIFT_STANDARD_LIBRARIES = YES;
				INFOPLIST_FILE = DropcubeUITests/Info.plist;
				LD_RUNPATH_SEARCH_PATHS = "$(inherited) @executable_path/Frameworks @loader_path/Frameworks";
				PRODUCT_BUNDLE_IDENTIFIER = learning.DropcubeUITests;
				PRODUCT_NAME = "$(TARGET_NAME)";
				SWIFT_VERSION = 3.0;
				TEST_TARGET_NAME = Dropcube;
			};
			name = Release;
		};
/* End XCBuildConfiguration section */

/* Begin XCConfigurationList section */
		95679A571D95DD7400372AB7 /* Build configuration list for PBXProject "Dropcube" */ = {
			isa = XCConfigurationList;
			buildConfigurations = (
				95679A821D95DD7500372AB7 /* Debug */,
				95679A831D95DD7500372AB7 /* Release */,
			);
			defaultConfigurationIsVisible = 0;
			defaultConfigurationName = Release;
		};
		95679A841D95DD7500372AB7 /* Build configuration list for PBXNativeTarget "Dropcube" */ = {
			isa = XCConfigurationList;
			buildConfigurations = (
				95679A851D95DD7500372AB7 /* Debug */,
				95679A861D95DD7500372AB7 /* Release */,
			);
			defaultConfigurationIsVisible = 0;
		};
		95679A871D95DD7500372AB7 /* Build configuration list for PBXNativeTarget "DropcubeTests" */ = {
			isa = XCConfigurationList;
			buildConfigurations = (
				95679A881D95DD7500372AB7 /* Debug */,
				95679A891D95DD7500372AB7 /* Release */,
			);
			defaultConfigurationIsVisible = 0;
		};
		95679A8A1D95DD7500372AB7 /* Build configuration list for PBXNativeTarget "DropcubeUITests" */ = {
			isa = XCConfigurationList;
			buildConfigurations = (
				95679A8B1D95DD7500372AB7 /* Debug */,
				95679A8C1D95DD7500372AB7 /* Release */,
			);
			defaultConfigurationIsVisible = 0;
		};
/* End XCConfigurationList section */
	};
	rootObject = 95679A541D95DD7400372AB7 /* Project object */;
}
